// !$*UTF8*$!
{
	archiveVersion = 1;
	classes = {
	};
	objectVersion = 51;
	objects = {

/* Begin PBXBuildFile section */
		1F680DA2A3BA64F47F5FB4E1 /* Pods_Flixster_FlixsterUITests.framework in Frameworks */ = {isa = PBXBuildFile; fileRef = DE69F3EF04EF06DBB02D2CDB /* Pods_Flixster_FlixsterUITests.framework */; };
		2A3DE8F0252BB783008F18B2 /* ActionMovieDetailsViewController.swift in Sources */ = {isa = PBXBuildFile; fileRef = 2A3DE8EF252BB783008F18B2 /* ActionMovieDetailsViewController.swift */; };
		2AA21F35252B9AF9009CBD6A /* MovieDetailsViewController.swift in Sources */ = {isa = PBXBuildFile; fileRef = 2AA21F34252B9AF9009CBD6A /* MovieDetailsViewController.swift */; };
		2AA21F3A252BA59D009CBD6A /* MovieGridViewController.swift in Sources */ = {isa = PBXBuildFile; fileRef = 2AA21F39252BA59D009CBD6A /* MovieGridViewController.swift */; };
		2AA21F3F252BAA3D009CBD6A /* MovieGridCell.swift in Sources */ = {isa = PBXBuildFile; fileRef = 2AA21F3E252BAA3D009CBD6A /* MovieGridCell.swift */; };
		2AEA51A625228DA30091AB39 /* AppDelegate.swift in Sources */ = {isa = PBXBuildFile; fileRef = 2AEA51A525228DA30091AB39 /* AppDelegate.swift */; };
		2AEA51A825228DA30091AB39 /* SceneDelegate.swift in Sources */ = {isa = PBXBuildFile; fileRef = 2AEA51A725228DA30091AB39 /* SceneDelegate.swift */; };
		2AEA51AD25228DA30091AB39 /* Main.storyboard in Resources */ = {isa = PBXBuildFile; fileRef = 2AEA51AB25228DA30091AB39 /* Main.storyboard */; };
		2AEA51AF25228DA60091AB39 /* Assets.xcassets in Resources */ = {isa = PBXBuildFile; fileRef = 2AEA51AE25228DA60091AB39 /* Assets.xcassets */; };
		2AEA51B225228DA60091AB39 /* LaunchScreen.storyboard in Resources */ = {isa = PBXBuildFile; fileRef = 2AEA51B025228DA60091AB39 /* LaunchScreen.storyboard */; };
		2AEA51BD25228DA60091AB39 /* FlixsterTests.swift in Sources */ = {isa = PBXBuildFile; fileRef = 2AEA51BC25228DA60091AB39 /* FlixsterTests.swift */; };
		2AEA51C825228DA60091AB39 /* FlixsterUITests.swift in Sources */ = {isa = PBXBuildFile; fileRef = 2AEA51C725228DA60091AB39 /* FlixsterUITests.swift */; };
		2AEA51DC25228F2B0091AB39 /* MoviesViewController.swift in Sources */ = {isa = PBXBuildFile; fileRef = 2AEA51DB25228F2B0091AB39 /* MoviesViewController.swift */; };
		2AEA51E125229ABD0091AB39 /* MovieCell.swift in Sources */ = {isa = PBXBuildFile; fileRef = 2AEA51E025229ABD0091AB39 /* MovieCell.swift */; };
		2B1F6BDF455896A3BECE4129 /* Pods_FlixsterTests.framework in Frameworks */ = {isa = PBXBuildFile; fileRef = F61A52AA21D4A187DEDEDEED /* Pods_FlixsterTests.framework */; };
		E1E8222F6B550DACF6D16C39 /* Pods_Flixster.framework in Frameworks */ = {isa = PBXBuildFile; fileRef = C409DF7989CDFD0209C8B824 /* Pods_Flixster.framework */; };
/* End PBXBuildFile section */

/* Begin PBXContainerItemProxy section */
		2AEA51B925228DA60091AB39 /* PBXContainerItemProxy */ = {
			isa = PBXContainerItemProxy;
			containerPortal = 2AEA519A25228DA30091AB39 /* Project object */;
			proxyType = 1;
			remoteGlobalIDString = 2AEA51A125228DA30091AB39;
			remoteInfo = Flixster;
		};
		2AEA51C425228DA60091AB39 /* PBXContainerItemProxy */ = {
			isa = PBXContainerItemProxy;
			containerPortal = 2AEA519A25228DA30091AB39 /* Project object */;
			proxyType = 1;
			remoteGlobalIDString = 2AEA51A125228DA30091AB39;
			remoteInfo = Flixster;
		};
/* End PBXContainerItemProxy section */

/* Begin PBXFileReference section */
		15FBED15F34B74264C29A23F /* Pods-Flixster.debug.xcconfig */ = {isa = PBXFileReference; includeInIndex = 1; lastKnownFileType = text.xcconfig; name = "Pods-Flixster.debug.xcconfig"; path = "Target Support Files/Pods-Flixster/Pods-Flixster.debug.xcconfig"; sourceTree = "<group>"; };
		1DDF0B260B8B6921F6D10171 /* Pods-Flixster.release.xcconfig */ = {isa = PBXFileReference; includeInIndex = 1; lastKnownFileType = text.xcconfig; name = "Pods-Flixster.release.xcconfig"; path = "Target Support Files/Pods-Flixster/Pods-Flixster.release.xcconfig"; sourceTree = "<group>"; };
		2A3DE8EF252BB783008F18B2 /* ActionMovieDetailsViewController.swift */ = {isa = PBXFileReference; lastKnownFileType = sourcecode.swift; path = ActionMovieDetailsViewController.swift; sourceTree = "<group>"; };
		2AA21F34252B9AF9009CBD6A /* MovieDetailsViewController.swift */ = {isa = PBXFileReference; lastKnownFileType = sourcecode.swift; path = MovieDetailsViewController.swift; sourceTree = "<group>"; };
		2AA21F39252BA59D009CBD6A /* MovieGridViewController.swift */ = {isa = PBXFileReference; lastKnownFileType = sourcecode.swift; path = MovieGridViewController.swift; sourceTree = "<group>"; };
		2AA21F3E252BAA3D009CBD6A /* MovieGridCell.swift */ = {isa = PBXFileReference; lastKnownFileType = sourcecode.swift; path = MovieGridCell.swift; sourceTree = "<group>"; };
		2AEA51A225228DA30091AB39 /* Flixster.app */ = {isa = PBXFileReference; explicitFileType = wrapper.application; includeInIndex = 0; path = Flixster.app; sourceTree = BUILT_PRODUCTS_DIR; };
		2AEA51A525228DA30091AB39 /* AppDelegate.swift */ = {isa = PBXFileReference; lastKnownFileType = sourcecode.swift; path = AppDelegate.swift; sourceTree = "<group>"; };
		2AEA51A725228DA30091AB39 /* SceneDelegate.swift */ = {isa = PBXFileReference; lastKnownFileType = sourcecode.swift; path = SceneDelegate.swift; sourceTree = "<group>"; };
		2AEA51AC25228DA30091AB39 /* Base */ = {isa = PBXFileReference; lastKnownFileType = file.storyboard; name = Base; path = Base.lproj/Main.storyboard; sourceTree = "<group>"; };
		2AEA51AE25228DA60091AB39 /* Assets.xcassets */ = {isa = PBXFileReference; lastKnownFileType = folder.assetcatalog; path = Assets.xcassets; sourceTree = "<group>"; };
		2AEA51B125228DA60091AB39 /* Base */ = {isa = PBXFileReference; lastKnownFileType = file.storyboard; name = Base; path = Base.lproj/LaunchScreen.storyboard; sourceTree = "<group>"; };
		2AEA51B325228DA60091AB39 /* Info.plist */ = {isa = PBXFileReference; lastKnownFileType = text.plist.xml; path = Info.plist; sourceTree = "<group>"; };
		2AEA51B825228DA60091AB39 /* FlixsterTests.xctest */ = {isa = PBXFileReference; explicitFileType = wrapper.cfbundle; includeInIndex = 0; path = FlixsterTests.xctest; sourceTree = BUILT_PRODUCTS_DIR; };
		2AEA51BC25228DA60091AB39 /* FlixsterTests.swift */ = {isa = PBXFileReference; lastKnownFileType = sourcecode.swift; path = FlixsterTests.swift; sourceTree = "<group>"; };
		2AEA51BE25228DA60091AB39 /* Info.plist */ = {isa = PBXFileReference; lastKnownFileType = text.plist.xml; path = Info.plist; sourceTree = "<group>"; };
		2AEA51C325228DA60091AB39 /* FlixsterUITests.xctest */ = {isa = PBXFileReference; explicitFileType = wrapper.cfbundle; includeInIndex = 0; path = FlixsterUITests.xctest; sourceTree = BUILT_PRODUCTS_DIR; };
		2AEA51C725228DA60091AB39 /* FlixsterUITests.swift */ = {isa = PBXFileReference; lastKnownFileType = sourcecode.swift; path = FlixsterUITests.swift; sourceTree = "<group>"; };
		2AEA51C925228DA60091AB39 /* Info.plist */ = {isa = PBXFileReference; lastKnownFileType = text.plist.xml; path = Info.plist; sourceTree = "<group>"; };
		2AEA51DB25228F2B0091AB39 /* MoviesViewController.swift */ = {isa = PBXFileReference; lastKnownFileType = sourcecode.swift; path = MoviesViewController.swift; sourceTree = "<group>"; };
		2AEA51E025229ABD0091AB39 /* MovieCell.swift */ = {isa = PBXFileReference; lastKnownFileType = sourcecode.swift; path = MovieCell.swift; sourceTree = "<group>"; };
		3C377F0D742ED92EECB0A178 /* Pods-Flixster-FlixsterUITests.release.xcconfig */ = {isa = PBXFileReference; includeInIndex = 1; lastKnownFileType = text.xcconfig; name = "Pods-Flixster-FlixsterUITests.release.xcconfig"; path = "Target Support Files/Pods-Flixster-FlixsterUITests/Pods-Flixster-FlixsterUITests.release.xcconfig"; sourceTree = "<group>"; };
		4E91E99C75E5EFF24A15AE64 /* Pods-FlixsterTests.debug.xcconfig */ = {isa = PBXFileReference; includeInIndex = 1; lastKnownFileType = text.xcconfig; name = "Pods-FlixsterTests.debug.xcconfig"; path = "Target Support Files/Pods-FlixsterTests/Pods-FlixsterTests.debug.xcconfig"; sourceTree = "<group>"; };
		77B46501433310A7617FD55D /* Pods-FlixsterTests.release.xcconfig */ = {isa = PBXFileReference; includeInIndex = 1; lastKnownFileType = text.xcconfig; name = "Pods-FlixsterTests.release.xcconfig"; path = "Target Support Files/Pods-FlixsterTests/Pods-FlixsterTests.release.xcconfig"; sourceTree = "<group>"; };
		C409DF7989CDFD0209C8B824 /* Pods_Flixster.framework */ = {isa = PBXFileReference; explicitFileType = wrapper.framework; includeInIndex = 0; path = Pods_Flixster.framework; sourceTree = BUILT_PRODUCTS_DIR; };
		DE69F3EF04EF06DBB02D2CDB /* Pods_Flixster_FlixsterUITests.framework */ = {isa = PBXFileReference; explicitFileType = wrapper.framework; includeInIndex = 0; path = Pods_Flixster_FlixsterUITests.framework; sourceTree = BUILT_PRODUCTS_DIR; };
		F61A52AA21D4A187DEDEDEED /* Pods_FlixsterTests.framework */ = {isa = PBXFileReference; explicitFileType = wrapper.framework; includeInIndex = 0; path = Pods_FlixsterTests.framework; sourceTree = BUILT_PRODUCTS_DIR; };
		F9F7CDD19BDCDBCF41FE0739 /* Pods-Flixster-FlixsterUITests.debug.xcconfig */ = {isa = PBXFileReference; includeInIndex = 1; lastKnownFileType = text.xcconfig; name = "Pods-Flixster-FlixsterUITests.debug.xcconfig"; path = "Target Support Files/Pods-Flixster-FlixsterUITests/Pods-Flixster-FlixsterUITests.debug.xcconfig"; sourceTree = "<group>"; };
/* End PBXFileReference section */

/* Begin PBXFrameworksBuildPhase section */
		2AEA519F25228DA30091AB39 /* Frameworks */ = {
			isa = PBXFrameworksBuildPhase;
			buildActionMask = 2147483647;
			files = (
				E1E8222F6B550DACF6D16C39 /* Pods_Flixster.framework in Frameworks */,
			);
			runOnlyForDeploymentPostprocessing = 0;
		};
		2AEA51B525228DA60091AB39 /* Frameworks */ = {
			isa = PBXFrameworksBuildPhase;
			buildActionMask = 2147483647;
			files = (
				2B1F6BDF455896A3BECE4129 /* Pods_FlixsterTests.framework in Frameworks */,
			);
			runOnlyForDeploymentPostprocessing = 0;
		};
		2AEA51C025228DA60091AB39 /* Frameworks */ = {
			isa = PBXFrameworksBuildPhase;
			buildActionMask = 2147483647;
			files = (
				1F680DA2A3BA64F47F5FB4E1 /* Pods_Flixster_FlixsterUITests.framework in Frameworks */,
			);
			runOnlyForDeploymentPostprocessing = 0;
		};
/* End PBXFrameworksBuildPhase section */

/* Begin PBXGroup section */
		2AEA519925228DA30091AB39 = {
			isa = PBXGroup;
			children = (
				2AEA51A425228DA30091AB39 /* Flixster */,
				2AEA51BB25228DA60091AB39 /* FlixsterTests */,
				2AEA51C625228DA60091AB39 /* FlixsterUITests */,
				2AEA51A325228DA30091AB39 /* Products */,
				39F31609E331C0F3B4997A96 /* Pods */,
				5EE9894B465418FF7E7BF30B /* Frameworks */,
			);
			sourceTree = "<group>";
		};
		2AEA51A325228DA30091AB39 /* Products */ = {
			isa = PBXGroup;
			children = (
				2AEA51A225228DA30091AB39 /* Flixster.app */,
				2AEA51B825228DA60091AB39 /* FlixsterTests.xctest */,
				2AEA51C325228DA60091AB39 /* FlixsterUITests.xctest */,
			);
			name = Products;
			sourceTree = "<group>";
		};
		2AEA51A425228DA30091AB39 /* Flixster */ = {
			isa = PBXGroup;
			children = (
				2AEA51A525228DA30091AB39 /* AppDelegate.swift */,
				2AEA51A725228DA30091AB39 /* SceneDelegate.swift */,
				2AEA51AB25228DA30091AB39 /* Main.storyboard */,
				2AEA51AE25228DA60091AB39 /* Assets.xcassets */,
				2AEA51B025228DA60091AB39 /* LaunchScreen.storyboard */,
				2AEA51B325228DA60091AB39 /* Info.plist */,
				2AEA51DB25228F2B0091AB39 /* MoviesViewController.swift */,
				2AEA51E025229ABD0091AB39 /* MovieCell.swift */,
				2AA21F34252B9AF9009CBD6A /* MovieDetailsViewController.swift */,
				2AA21F39252BA59D009CBD6A /* MovieGridViewController.swift */,
				2AA21F3E252BAA3D009CBD6A /* MovieGridCell.swift */,
				2A3DE8EF252BB783008F18B2 /* ActionMovieDetailsViewController.swift */,
			);
			path = Flixster;
			sourceTree = "<group>";
		};
		2AEA51BB25228DA60091AB39 /* FlixsterTests */ = {
			isa = PBXGroup;
			children = (
				2AEA51BC25228DA60091AB39 /* FlixsterTests.swift */,
				2AEA51BE25228DA60091AB39 /* Info.plist */,
			);
			path = FlixsterTests;
			sourceTree = "<group>";
		};
		2AEA51C625228DA60091AB39 /* FlixsterUITests */ = {
			isa = PBXGroup;
			children = (
				2AEA51C725228DA60091AB39 /* FlixsterUITests.swift */,
				2AEA51C925228DA60091AB39 /* Info.plist */,
			);
			path = FlixsterUITests;
			sourceTree = "<group>";
		};
		39F31609E331C0F3B4997A96 /* Pods */ = {
			isa = PBXGroup;
			children = (
				15FBED15F34B74264C29A23F /* Pods-Flixster.debug.xcconfig */,
				1DDF0B260B8B6921F6D10171 /* Pods-Flixster.release.xcconfig */,
				F9F7CDD19BDCDBCF41FE0739 /* Pods-Flixster-FlixsterUITests.debug.xcconfig */,
				3C377F0D742ED92EECB0A178 /* Pods-Flixster-FlixsterUITests.release.xcconfig */,
				4E91E99C75E5EFF24A15AE64 /* Pods-FlixsterTests.debug.xcconfig */,
				77B46501433310A7617FD55D /* Pods-FlixsterTests.release.xcconfig */,
			);
			path = Pods;
			sourceTree = "<group>";
		};
		5EE9894B465418FF7E7BF30B /* Frameworks */ = {
			isa = PBXGroup;
			children = (
				C409DF7989CDFD0209C8B824 /* Pods_Flixster.framework */,
				DE69F3EF04EF06DBB02D2CDB /* Pods_Flixster_FlixsterUITests.framework */,
				F61A52AA21D4A187DEDEDEED /* Pods_FlixsterTests.framework */,
			);
			name = Frameworks;
			sourceTree = "<group>";
		};
/* End PBXGroup section */

/* Begin PBXNativeTarget section */
		2AEA51A125228DA30091AB39 /* Flixster */ = {
			isa = PBXNativeTarget;
			buildConfigurationList = 2AEA51CC25228DA60091AB39 /* Build configuration list for PBXNativeTarget "Flixster" */;
			buildPhases = (
				6123FC17BDD33569A2934A21 /* [CP] Check Pods Manifest.lock */,
				2AEA519E25228DA30091AB39 /* Sources */,
				2AEA519F25228DA30091AB39 /* Frameworks */,
				2AEA51A025228DA30091AB39 /* Resources */,
				DE3D7B419BA08220EB78587C /* [CP] Embed Pods Frameworks */,
			);
			buildRules = (
			);
			dependencies = (
			);
			name = Flixster;
			productName = Flixster;
			productReference = 2AEA51A225228DA30091AB39 /* Flixster.app */;
			productType = "com.apple.product-type.application";
		};
		2AEA51B725228DA60091AB39 /* FlixsterTests */ = {
			isa = PBXNativeTarget;
			buildConfigurationList = 2AEA51CF25228DA60091AB39 /* Build configuration list for PBXNativeTarget "FlixsterTests" */;
			buildPhases = (
				172829CDFFBCC3916FD461C0 /* [CP] Check Pods Manifest.lock */,
				2AEA51B425228DA60091AB39 /* Sources */,
				2AEA51B525228DA60091AB39 /* Frameworks */,
				2AEA51B625228DA60091AB39 /* Resources */,
			);
			buildRules = (
			);
			dependencies = (
				2AEA51BA25228DA60091AB39 /* PBXTargetDependency */,
			);
			name = FlixsterTests;
			productName = FlixsterTests;
			productReference = 2AEA51B825228DA60091AB39 /* FlixsterTests.xctest */;
			productType = "com.apple.product-type.bundle.unit-test";
		};
		2AEA51C225228DA60091AB39 /* FlixsterUITests */ = {
			isa = PBXNativeTarget;
			buildConfigurationList = 2AEA51D225228DA60091AB39 /* Build configuration list for PBXNativeTarget "FlixsterUITests" */;
			buildPhases = (
				40562BBD71F2F3D50358190B /* [CP] Check Pods Manifest.lock */,
				2AEA51BF25228DA60091AB39 /* Sources */,
				2AEA51C025228DA60091AB39 /* Frameworks */,
				2AEA51C125228DA60091AB39 /* Resources */,
				BC6FD59A6957C2AEB91F416D /* [CP] Embed Pods Frameworks */,
			);
			buildRules = (
			);
			dependencies = (
				2AEA51C525228DA60091AB39 /* PBXTargetDependency */,
			);
			name = FlixsterUITests;
			productName = FlixsterUITests;
			productReference = 2AEA51C325228DA60091AB39 /* FlixsterUITests.xctest */;
			productType = "com.apple.product-type.bundle.ui-testing";
		};
/* End PBXNativeTarget section */

/* Begin PBXProject section */
		2AEA519A25228DA30091AB39 /* Project object */ = {
			isa = PBXProject;
			attributes = {
				LastSwiftUpdateCheck = 1200;
				LastUpgradeCheck = 1200;
				TargetAttributes = {
					2AEA51A125228DA30091AB39 = {
						CreatedOnToolsVersion = 12.0.1;
					};
					2AEA51B725228DA60091AB39 = {
						CreatedOnToolsVersion = 12.0.1;
						TestTargetID = 2AEA51A125228DA30091AB39;
					};
					2AEA51C225228DA60091AB39 = {
						CreatedOnToolsVersion = 12.0.1;
						TestTargetID = 2AEA51A125228DA30091AB39;
					};
				};
			};
			buildConfigurationList = 2AEA519D25228DA30091AB39 /* Build configuration list for PBXProject "Flixster" */;
			compatibilityVersion = "Xcode 9.3";
			developmentRegion = en;
			hasScannedForEncodings = 0;
			knownRegions = (
				en,
				Base,
			);
			mainGroup = 2AEA519925228DA30091AB39;
			productRefGroup = 2AEA51A325228DA30091AB39 /* Products */;
			projectDirPath = "";
			projectRoot = "";
			targets = (
				2AEA51A125228DA30091AB39 /* Flixster */,
				2AEA51B725228DA60091AB39 /* FlixsterTests */,
				2AEA51C225228DA60091AB39 /* FlixsterUITests */,
			);
		};
/* End PBXProject section */

/* Begin PBXResourcesBuildPhase section */
		2AEA51A025228DA30091AB39 /* Resources */ = {
			isa = PBXResourcesBuildPhase;
			buildActionMask = 2147483647;
			files = (
				2AEA51B225228DA60091AB39 /* LaunchScreen.storyboard in Resources */,
				2AEA51AF25228DA60091AB39 /* Assets.xcassets in Resources */,
				2AEA51AD25228DA30091AB39 /* Main.storyboard in Resources */,
			);
			runOnlyForDeploymentPostprocessing = 0;
		};
		2AEA51B625228DA60091AB39 /* Resources */ = {
			isa = PBXResourcesBuildPhase;
			buildActionMask = 2147483647;
			files = (
			);
			runOnlyForDeploymentPostprocessing = 0;
		};
		2AEA51C125228DA60091AB39 /* Resources */ = {
			isa = PBXResourcesBuildPhase;
			buildActionMask = 2147483647;
			files = (
			);
			runOnlyForDeploymentPostprocessing = 0;
		};
/* End PBXResourcesBuildPhase section */

/* Begin PBXShellScriptBuildPhase section */
		172829CDFFBCC3916FD461C0 /* [CP] Check Pods Manifest.lock */ = {
			isa = PBXShellScriptBuildPhase;
			buildActionMask = 2147483647;
			files = (
			);
			inputFileListPaths = (
			);
			inputPaths = (
				"${PODS_PODFILE_DIR_PATH}/Podfile.lock",
				"${PODS_ROOT}/Manifest.lock",
			);
			name = "[CP] Check Pods Manifest.lock";
			outputFileListPaths = (
			);
			outputPaths = (
				"$(DERIVED_FILE_DIR)/Pods-FlixsterTests-checkManifestLockResult.txt",
			);
			runOnlyForDeploymentPostprocessing = 0;
			shellPath = /bin/sh;
			shellScript = "diff \"${PODS_PODFILE_DIR_PATH}/Podfile.lock\" \"${PODS_ROOT}/Manifest.lock\" > /dev/null\nif [ $? != 0 ] ; then\n    # print error to STDERR\n    echo \"error: The sandbox is not in sync with the Podfile.lock. Run 'pod install' or update your CocoaPods installation.\" >&2\n    exit 1\nfi\n# This output is used by Xcode 'outputs' to avoid re-running this script phase.\necho \"SUCCESS\" > \"${SCRIPT_OUTPUT_FILE_0}\"\n";
			showEnvVarsInLog = 0;
		};
		40562BBD71F2F3D50358190B /* [CP] Check Pods Manifest.lock */ = {
			isa = PBXShellScriptBuildPhase;
			buildActionMask = 2147483647;
			files = (
			);
			inputFileListPaths = (
			);
			inputPaths = (
				"${PODS_PODFILE_DIR_PATH}/Podfile.lock",
				"${PODS_ROOT}/Manifest.lock",
			);
			name = "[CP] Check Pods Manifest.lock";
			outputFileListPaths = (
			);
			outputPaths = (
				"$(DERIVED_FILE_DIR)/Pods-Flixster-FlixsterUITests-checkManifestLockResult.txt",
			);
			runOnlyForDeploymentPostprocessing = 0;
			shellPath = /bin/sh;
			shellScript = "diff \"${PODS_PODFILE_DIR_PATH}/Podfile.lock\" \"${PODS_ROOT}/Manifest.lock\" > /dev/null\nif [ $? != 0 ] ; then\n    # print error to STDERR\n    echo \"error: The sandbox is not in sync with the Podfile.lock. Run 'pod install' or update your CocoaPods installation.\" >&2\n    exit 1\nfi\n# This output is used by Xcode 'outputs' to avoid re-running this script phase.\necho \"SUCCESS\" > \"${SCRIPT_OUTPUT_FILE_0}\"\n";
			showEnvVarsInLog = 0;
		};
		6123FC17BDD33569A2934A21 /* [CP] Check Pods Manifest.lock */ = {
			isa = PBXShellScriptBuildPhase;
			buildActionMask = 2147483647;
			files = (
			);
			inputFileListPaths = (
			);
			inputPaths = (
				"${PODS_PODFILE_DIR_PATH}/Podfile.lock",
				"${PODS_ROOT}/Manifest.lock",
			);
			name = "[CP] Check Pods Manifest.lock";
			outputFileListPaths = (
			);
			outputPaths = (
				"$(DERIVED_FILE_DIR)/Pods-Flixster-checkManifestLockResult.txt",
			);
			runOnlyForDeploymentPostprocessing = 0;
			shellPath = /bin/sh;
			shellScript = "diff \"${PODS_PODFILE_DIR_PATH}/Podfile.lock\" \"${PODS_ROOT}/Manifest.lock\" > /dev/null\nif [ $? != 0 ] ; then\n    # print error to STDERR\n    echo \"error: The sandbox is not in sync with the Podfile.lock. Run 'pod install' or update your CocoaPods installation.\" >&2\n    exit 1\nfi\n# This output is used by Xcode 'outputs' to avoid re-running this script phase.\necho \"SUCCESS\" > \"${SCRIPT_OUTPUT_FILE_0}\"\n";
			showEnvVarsInLog = 0;
		};
		BC6FD59A6957C2AEB91F416D /* [CP] Embed Pods Frameworks */ = {
			isa = PBXShellScriptBuildPhase;
			buildActionMask = 2147483647;
			files = (
			);
			inputFileListPaths = (
				"${PODS_ROOT}/Target Support Files/Pods-Flixster-FlixsterUITests/Pods-Flixster-FlixsterUITests-frameworks-${CONFIGURATION}-input-files.xcfilelist",
			);
			name = "[CP] Embed Pods Frameworks";
			outputFileListPaths = (
				"${PODS_ROOT}/Target Support Files/Pods-Flixster-FlixsterUITests/Pods-Flixster-FlixsterUITests-frameworks-${CONFIGURATION}-output-files.xcfilelist",
			);
			runOnlyForDeploymentPostprocessing = 0;
			shellPath = /bin/sh;
			shellScript = "\"${PODS_ROOT}/Target Support Files/Pods-Flixster-FlixsterUITests/Pods-Flixster-FlixsterUITests-frameworks.sh\"\n";
			showEnvVarsInLog = 0;
		};
		DE3D7B419BA08220EB78587C /* [CP] Embed Pods Frameworks */ = {
			isa = PBXShellScriptBuildPhase;
			buildActionMask = 2147483647;
			files = (
			);
			inputFileListPaths = (
				"${PODS_ROOT}/Target Support Files/Pods-Flixster/Pods-Flixster-frameworks-${CONFIGURATION}-input-files.xcfilelist",
			);
			name = "[CP] Embed Pods Frameworks";
			outputFileListPaths = (
				"${PODS_ROOT}/Target Support Files/Pods-Flixster/Pods-Flixster-frameworks-${CONFIGURATION}-output-files.xcfilelist",
			);
			runOnlyForDeploymentPostprocessing = 0;
			shellPath = /bin/sh;
			shellScript = "\"${PODS_ROOT}/Target Support Files/Pods-Flixster/Pods-Flixster-frameworks.sh\"\n";
			showEnvVarsInLog = 0;
		};
/* End PBXShellScriptBuildPhase section */

/* Begin PBXSourcesBuildPhase section */
		2AEA519E25228DA30091AB39 /* Sources */ = {
			isa = PBXSourcesBuildPhase;
			buildActionMask = 2147483647;
			files = (
				2AA21F35252B9AF9009CBD6A /* MovieDetailsViewController.swift in Sources */,
				2AEA51A625228DA30091AB39 /* AppDelegate.swift in Sources */,
				2AEA51A825228DA30091AB39 /* SceneDelegate.swift in Sources */,
				2AEA51E125229ABD0091AB39 /* MovieCell.swift in Sources */,
				2A3DE8F0252BB783008F18B2 /* ActionMovieDetailsViewController.swift in Sources */,
				2AEA51DC25228F2B0091AB39 /* MoviesViewController.swift in Sources */,
				2AA21F3A252BA59D009CBD6A /* MovieGridViewController.swift in Sources */,
				2AA21F3F252BAA3D009CBD6A /* MovieGridCell.swift in Sources */,
			);
			runOnlyForDeploymentPostprocessing = 0;
		};
		2AEA51B425228DA60091AB39 /* Sources */ = {
			isa = PBXSourcesBuildPhase;
			buildActionMask = 2147483647;
			files = (
				2AEA51BD25228DA60091AB39 /* FlixsterTests.swift in Sources */,
			);
			runOnlyForDeploymentPostprocessing = 0;
		};
		2AEA51BF25228DA60091AB39 /* Sources */ = {
			isa = PBXSourcesBuildPhase;
			buildActionMask = 2147483647;
			files = (
				2AEA51C825228DA60091AB39 /* FlixsterUITests.swift in Sources */,
			);
			runOnlyForDeploymentPostprocessing = 0;
		};
/* End PBXSourcesBuildPhase section */

/* Begin PBXTargetDependency section */
		2AEA51BA25228DA60091AB39 /* PBXTargetDependency */ = {
			isa = PBXTargetDependency;
			target = 2AEA51A125228DA30091AB39 /* Flixster */;
			targetProxy = 2AEA51B925228DA60091AB39 /* PBXContainerItemProxy */;
		};
		2AEA51C525228DA60091AB39 /* PBXTargetDependency */ = {
			isa = PBXTargetDependency;
			target = 2AEA51A125228DA30091AB39 /* Flixster */;
			targetProxy = 2AEA51C425228DA60091AB39 /* PBXContainerItemProxy */;
		};
/* End PBXTargetDependency section */

/* Begin PBXVariantGroup section */
		2AEA51AB25228DA30091AB39 /* Main.storyboard */ = {
			isa = PBXVariantGroup;
			children = (
				2AEA51AC25228DA30091AB39 /* Base */,
			);
			name = Main.storyboard;
			sourceTree = "<group>";
		};
		2AEA51B025228DA60091AB39 /* LaunchScreen.storyboard */ = {
			isa = PBXVariantGroup;
			children = (
				2AEA51B125228DA60091AB39 /* Base */,
			);
			name = LaunchScreen.storyboard;
			sourceTree = "<group>";
		};
/* End PBXVariantGroup section */

/* Begin XCBuildConfiguration section */
		2AEA51CA25228DA60091AB39 /* Debug */ = {
			isa = XCBuildConfiguration;
			buildSettings = {
				ALWAYS_SEARCH_USER_PATHS = NO;
				CLANG_ANALYZER_NONNULL = YES;
				CLANG_ANALYZER_NUMBER_OBJECT_CONVERSION = YES_AGGRESSIVE;
				CLANG_CXX_LANGUAGE_STANDARD = "gnu++14";
				CLANG_CXX_LIBRARY = "libc++";
				CLANG_ENABLE_MODULES = YES;
				CLANG_ENABLE_OBJC_ARC = YES;
				CLANG_ENABLE_OBJC_WEAK = YES;
				CLANG_WARN_BLOCK_CAPTURE_AUTORELEASING = YES;
				CLANG_WARN_BOOL_CONVERSION = YES;
				CLANG_WARN_COMMA = YES;
				CLANG_WARN_CONSTANT_CONVERSION = YES;
				CLANG_WARN_DEPRECATED_OBJC_IMPLEMENTATIONS = YES;
				CLANG_WARN_DIRECT_OBJC_ISA_USAGE = YES_ERROR;
				CLANG_WARN_DOCUMENTATION_COMMENTS = YES;
				CLANG_WARN_EMPTY_BODY = YES;
				CLANG_WARN_ENUM_CONVERSION = YES;
				CLANG_WARN_INFINITE_RECURSION = YES;
				CLANG_WARN_INT_CONVERSION = YES;
				CLANG_WARN_NON_LITERAL_NULL_CONVERSION = YES;
				CLANG_WARN_OBJC_IMPLICIT_RETAIN_SELF = YES;
				CLANG_WARN_OBJC_LITERAL_CONVERSION = YES;
				CLANG_WARN_OBJC_ROOT_CLASS = YES_ERROR;
				CLANG_WARN_QUOTED_INCLUDE_IN_FRAMEWORK_HEADER = YES;
				CLANG_WARN_RANGE_LOOP_ANALYSIS = YES;
				CLANG_WARN_STRICT_PROTOTYPES = YES;
				CLANG_WARN_SUSPICIOUS_MOVE = YES;
				CLANG_WARN_UNGUARDED_AVAILABILITY = YES_AGGRESSIVE;
				CLANG_WARN_UNREACHABLE_CODE = YES;
				CLANG_WARN__DUPLICATE_METHOD_MATCH = YES;
				COPY_PHASE_STRIP = NO;
				DEBUG_INFORMATION_FORMAT = dwarf;
				ENABLE_STRICT_OBJC_MSGSEND = YES;
				ENABLE_TESTABILITY = YES;
				GCC_C_LANGUAGE_STANDARD = gnu11;
				GCC_DYNAMIC_NO_PIC = NO;
				GCC_NO_COMMON_BLOCKS = YES;
				GCC_OPTIMIZATION_LEVEL = 0;
				GCC_PREPROCESSOR_DEFINITIONS = (
					"DEBUG=1",
					"$(inherited)",
				);
				GCC_WARN_64_TO_32_BIT_CONVERSION = YES;
				GCC_WARN_ABOUT_RETURN_TYPE = YES_ERROR;
				GCC_WARN_UNDECLARED_SELECTOR = YES;
				GCC_WARN_UNINITIALIZED_AUTOS = YES_AGGRESSIVE;
				GCC_WARN_UNUSED_FUNCTION = YES;
				GCC_WARN_UNUSED_VARIABLE = YES;
				IPHONEOS_DEPLOYMENT_TARGET = 14.0;
				MTL_ENABLE_DEBUG_INFO = INCLUDE_SOURCE;
				MTL_FAST_MATH = YES;
				ONLY_ACTIVE_ARCH = YES;
				SDKROOT = iphoneos;
				SWIFT_ACTIVE_COMPILATION_CONDITIONS = DEBUG;
				SWIFT_OPTIMIZATION_LEVEL = "-Onone";
			};
			name = Debug;
		};
		2AEA51CB25228DA60091AB39 /* Release */ = {
			isa = XCBuildConfiguration;
			buildSettings = {
				ALWAYS_SEARCH_USER_PATHS = NO;
				CLANG_ANALYZER_NONNULL = YES;
				CLANG_ANALYZER_NUMBER_OBJECT_CONVERSION = YES_AGGRESSIVE;
				CLANG_CXX_LANGUAGE_STANDARD = "gnu++14";
				CLANG_CXX_LIBRARY = "libc++";
				CLANG_ENABLE_MODULES = YES;
				CLANG_ENABLE_OBJC_ARC = YES;
				CLANG_ENABLE_OBJC_WEAK = YES;
				CLANG_WARN_BLOCK_CAPTURE_AUTORELEASING = YES;
				CLANG_WARN_BOOL_CONVERSION = YES;
				CLANG_WARN_COMMA = YES;
				CLANG_WARN_CONSTANT_CONVERSION = YES;
				CLANG_WARN_DEPRECATED_OBJC_IMPLEMENTATIONS = YES;
				CLANG_WARN_DIRECT_OBJC_ISA_USAGE = YES_ERROR;
				CLANG_WARN_DOCUMENTATION_COMMENTS = YES;
				CLANG_WARN_EMPTY_BODY = YES;
				CLANG_WARN_ENUM_CONVERSION = YES;
				CLANG_WARN_INFINITE_RECURSION = YES;
				CLANG_WARN_INT_CONVERSION = YES;
				CLANG_WARN_NON_LITERAL_NULL_CONVERSION = YES;
				CLANG_WARN_OBJC_IMPLICIT_RETAIN_SELF = YES;
				CLANG_WARN_OBJC_LITERAL_CONVERSION = YES;
				CLANG_WARN_OBJC_ROOT_CLASS = YES_ERROR;
				CLANG_WARN_QUOTED_INCLUDE_IN_FRAMEWORK_HEADER = YES;
				CLANG_WARN_RANGE_LOOP_ANALYSIS = YES;
				CLANG_WARN_STRICT_PROTOTYPES = YES;
				CLANG_WARN_SUSPICIOUS_MOVE = YES;
				CLANG_WARN_UNGUARDED_AVAILABILITY = YES_AGGRESSIVE;
				CLANG_WARN_UNREACHABLE_CODE = YES;
				CLANG_WARN__DUPLICATE_METHOD_MATCH = YES;
				COPY_PHASE_STRIP = NO;
				DEBUG_INFORMATION_FORMAT = "dwarf-with-dsym";
				ENABLE_NS_ASSERTIONS = NO;
				ENABLE_STRICT_OBJC_MSGSEND = YES;
				GCC_C_LANGUAGE_STANDARD = gnu11;
				GCC_NO_COMMON_BLOCKS = YES;
				GCC_WARN_64_TO_32_BIT_CONVERSION = YES;
				GCC_WARN_ABOUT_RETURN_TYPE = YES_ERROR;
				GCC_WARN_UNDECLARED_SELECTOR = YES;
				GCC_WARN_UNINITIALIZED_AUTOS = YES_AGGRESSIVE;
				GCC_WARN_UNUSED_FUNCTION = YES;
				GCC_WARN_UNUSED_VARIABLE = YES;
				IPHONEOS_DEPLOYMENT_TARGET = 14.0;
				MTL_ENABLE_DEBUG_INFO = NO;
				MTL_FAST_MATH = YES;
				SDKROOT = iphoneos;
				SWIFT_COMPILATION_MODE = wholemodule;
				SWIFT_OPTIMIZATION_LEVEL = "-O";
				VALIDATE_PRODUCT = YES;
			};
			name = Release;
		};
		2AEA51CD25228DA60091AB39 /* Debug */ = {
			isa = XCBuildConfiguration;
			baseConfigurationReference = 15FBED15F34B74264C29A23F /* Pods-Flixster.debug.xcconfig */;
			buildSettings = {
				ASSETCATALOG_COMPILER_APPICON_NAME = AppIcon;
				ASSETCATALOG_COMPILER_GLOBAL_ACCENT_COLOR_NAME = AccentColor;
				CODE_SIGN_STYLE = Automatic;
				DEVELOPMENT_TEAM = B64XQ87MVM;
				INFOPLIST_FILE = Flixster/Info.plist;
				IPHONEOS_DEPLOYMENT_TARGET = 13.0;
				LD_RUNPATH_SEARCH_PATHS = (
					"$(inherited)",
					"@executable_path/Frameworks",
				);
				PRODUCT_BUNDLE_IDENTIFIER = com.YanniSperon.Flixster;
				PRODUCT_NAME = "$(TARGET_NAME)";
				SWIFT_VERSION = 5.0;
				TARGETED_DEVICE_FAMILY = "1,2";
			};
			name = Debug;
		};
		2AEA51CE25228DA60091AB39 /* Release */ = {
			isa = XCBuildConfiguration;
			baseConfigurationReference = 1DDF0B260B8B6921F6D10171 /* Pods-Flixster.release.xcconfig */;
			buildSettings = {
				ASSETCATALOG_COMPILER_APPICON_NAME = AppIcon;
				ASSETCATALOG_COMPILER_GLOBAL_ACCENT_COLOR_NAME = AccentColor;
				CODE_SIGN_STYLE = Automatic;
				DEVELOPMENT_TEAM = B64XQ87MVM;
				INFOPLIST_FILE = Flixster/Info.plist;
				IPHONEOS_DEPLOYMENT_TARGET = 13.0;
				LD_RUNPATH_SEARCH_PATHS = (
					"$(inherited)",
					"@executable_path/Frameworks",
				);
				PRODUCT_BUNDLE_IDENTIFIER = com.YanniSperon.Flixster;
				PRODUCT_NAME = "$(TARGET_NAME)";
				SWIFT_VERSION = 5.0;
				TARGETED_DEVICE_FAMILY = "1,2";
			};
			name = Release;
		};
		2AEA51D025228DA60091AB39 /* Debug */ = {
			isa = XCBuildConfiguration;
			baseConfigurationReference = 4E91E99C75E5EFF24A15AE64 /* Pods-FlixsterTests.debug.xcconfig */;
			buildSettings = {
				ALWAYS_EMBED_SWIFT_STANDARD_LIBRARIES = YES;
				BUNDLE_LOADER = "$(TEST_HOST)";
				CODE_SIGN_STYLE = Automatic;
				DEVELOPMENT_TEAM = B64XQ87MVM;
				INFOPLIST_FILE = FlixsterTests/Info.plist;
				IPHONEOS_DEPLOYMENT_TARGET = 14.0;
				LD_RUNPATH_SEARCH_PATHS = (
					"$(inherited)",
					"@executable_path/Frameworks",
					"@loader_path/Frameworks",
				);
				PRODUCT_BUNDLE_IDENTIFIER = com.YanniSperon.FlixsterTests;
				PRODUCT_NAME = "$(TARGET_NAME)";
				SWIFT_VERSION = 5.0;
				TARGETED_DEVICE_FAMILY = "1,2";
				TEST_HOST = "$(BUILT_PRODUCTS_DIR)/Flixster.app/Flixster";
			};
			name = Debug;
		};
		2AEA51D125228DA60091AB39 /* Release */ = {
			isa = XCBuildConfiguration;
			baseConfigurationReference = 77B46501433310A7617FD55D /* Pods-FlixsterTests.release.xcconfig */;
			buildSettings = {
				ALWAYS_EMBED_SWIFT_STANDARD_LIBRARIES = YES;
				BUNDLE_LOADER = "$(TEST_HOST)";
				CODE_SIGN_STYLE = Automatic;
				DEVELOPMENT_TEAM = B64XQ87MVM;
				INFOPLIST_FILE = FlixsterTests/Info.plist;
				IPHONEOS_DEPLOYMENT_TARGET = 14.0;
				LD_RUNPATH_SEARCH_PATHS = (
					"$(inherited)",
					"@executable_path/Frameworks",
					"@loader_path/Frameworks",
				);
				PRODUCT_BUNDLE_IDENTIFIER = com.YanniSperon.FlixsterTests;
				PRODUCT_NAME = "$(TARGET_NAME)";
				SWIFT_VERSION = 5.0;
				TARGETED_DEVICE_FAMILY = "1,2";
				TEST_HOST = "$(BUILT_PRODUCTS_DIR)/Flixster.app/Flixster";
			};
			name = Release;
		};
		2AEA51D325228DA60091AB39 /* Debug */ = {
			isa = XCBuildConfiguration;
			baseConfigurationReference = F9F7CDD19BDCDBCF41FE0739 /* Pods-Flixster-FlixsterUITests.debug.xcconfig */;
			buildSettings = {
				ALWAYS_EMBED_SWIFT_STANDARD_LIBRARIES = YES;
				CODE_SIGN_STYLE = Automatic;
				DEVELOPMENT_TEAM = B64XQ87MVM;
				INFOPLIST_FILE = FlixsterUITests/Info.plist;
				LD_RUNPATH_SEARCH_PATHS = (
					"$(inherited)",
					"@executable_path/Frameworks",
					"@loader_path/Frameworks",
				);
				PRODUCT_BUNDLE_IDENTIFIER = com.YanniSperon.FlixsterUITests;
				PRODUCT_NAME = "$(TARGET_NAME)";
				SWIFT_VERSION = 5.0;
				TARGETED_DEVICE_FAMILY = "1,2";
				TEST_TARGET_NAME = Flixster;
			};
			name = Debug;
		};
		2AEA51D425228DA60091AB39 /* Release */ = {
			isa = XCBuildConfiguration;
			baseConfigurationReference = 3C377F0D742ED92EECB0A178 /* Pods-Flixster-FlixsterUITests.release.xcconfig */;
			buildSettings = {
				ALWAYS_EMBED_SWIFT_STANDARD_LIBRARIES = YES;
				CODE_SIGN_STYLE = Automatic;
				DEVELOPMENT_TEAM = B64XQ87MVM;
				INFOPLIST_FILE = FlixsterUITests/Info.plist;
				LD_RUNPATH_SEARCH_PATHS = (
					"$(inherited)",
					"@executable_path/Frameworks",
					"@loader_path/Frameworks",
				);
				PRODUCT_BUNDLE_IDENTIFIER = com.YanniSperon.FlixsterUITests;
				PRODUCT_NAME = "$(TARGET_NAME)";
				SWIFT_VERSION = 5.0;
				TARGETED_DEVICE_FAMILY = "1,2";
				TEST_TARGET_NAME = Flixster;
			};
			name = Release;
		};
/* End XCBuildConfiguration section */

/* Begin XCConfigurationList section */
		2AEA519D25228DA30091AB39 /* Build configuration list for PBXProject "Flixster" */ = {
			isa = XCConfigurationList;
			buildConfigurations = (
				2AEA51CA25228DA60091AB39 /* Debug */,
				2AEA51CB25228DA60091AB39 /* Release */,
			);
			defaultConfigurationIsVisible = 0;
			defaultConfigurationName = Release;
		};
		2AEA51CC25228DA60091AB39 /* Build configuration list for PBXNativeTarget "Flixster" */ = {
			isa = XCConfigurationList;
			buildConfigurations = (
				2AEA51CD25228DA60091AB39 /* Debug */,
				2AEA51CE25228DA60091AB39 /* Release */,
			);
			defaultConfigurationIsVisible = 0;
			defaultConfigurationName = Release;
		};
		2AEA51CF25228DA60091AB39 /* Build configuration list for PBXNativeTarget "FlixsterTests" */ = {
			isa = XCConfigurationList;
			buildConfigurations = (
				2AEA51D025228DA60091AB39 /* Debug */,
				2AEA51D125228DA60091AB39 /* Release */,
			);
			defaultConfigurationIsVisible = 0;
			defaultConfigurationName = Release;
		};
		2AEA51D225228DA60091AB39 /* Build configuration list for PBXNativeTarget "FlixsterUITests" */ = {
			isa = XCConfigurationList;
			buildConfigurations = (
				2AEA51D325228DA60091AB39 /* Debug */,
				2AEA51D425228DA60091AB39 /* Release */,
			);
			defaultConfigurationIsVisible = 0;
			defaultConfigurationName = Release;
		};
/* End XCConfigurationList section */
	};
	rootObject = 2AEA519A25228DA30091AB39 /* Project object */;
}
